// !$*UTF8*$!
{
	archiveVersion = 1;
	classes = {
	};
	objectVersion = 56;
	objects = {

/* Begin PBXBuildFile section */
		F061DC4C2AD944F600507993 /* ContentView.swift in Sources */ = {isa = PBXBuildFile; fileRef = F061DC4B2AD944F600507993 /* ContentView.swift */; };
		F061DC4F2AD9459200507993 /* ContentListView.swift in Sources */ = {isa = PBXBuildFile; fileRef = F061DC4E2AD9459200507993 /* ContentListView.swift */; };
		F061DC522AD9721100507993 /* PreviewDataGenerator.swift in Sources */ = {isa = PBXBuildFile; fileRef = F061DC512AD9721100507993 /* PreviewDataGenerator.swift */; };
		F061DC562AD9741100507993 /* ListStyleViewModifier.swift in Sources */ = {isa = PBXBuildFile; fileRef = F061DC552AD9741100507993 /* ListStyleViewModifier.swift */; };
		F061DC592AD9801A00507993 /* SwipeActionButton.swift in Sources */ = {isa = PBXBuildFile; fileRef = F061DC582AD9801A00507993 /* SwipeActionButton.swift */; };
		F061DC5B2AD9815C00507993 /* SwipeActionType.swift in Sources */ = {isa = PBXBuildFile; fileRef = F061DC5A2AD9815C00507993 /* SwipeActionType.swift */; };
		F061DC5D2AD99C3500507993 /* ModelContainer+Preview.swift in Sources */ = {isa = PBXBuildFile; fileRef = F061DC5C2AD99C3500507993 /* ModelContainer+Preview.swift */; };
		F061DC602AD9A0E300507993 /* ContentListSorting.swift in Sources */ = {isa = PBXBuildFile; fileRef = F061DC5F2AD9A0E300507993 /* ContentListSorting.swift */; };
		F061DC622AD9A10A00507993 /* ContentListTheme.swift in Sources */ = {isa = PBXBuildFile; fileRef = F061DC612AD9A10A00507993 /* ContentListTheme.swift */; };
		F061DC652AD9A17E00507993 /* ContentListMenu.swift in Sources */ = {isa = PBXBuildFile; fileRef = F061DC642AD9A17E00507993 /* ContentListMenu.swift */; };
		F061DC672AD9A25300507993 /* ContentListType.swift in Sources */ = {isa = PBXBuildFile; fileRef = F061DC662AD9A25300507993 /* ContentListType.swift */; };
		F061DC692AD9A58500507993 /* AppStorage+Key.swift in Sources */ = {isa = PBXBuildFile; fileRef = F061DC682AD9A58500507993 /* AppStorage+Key.swift */; };
		F061DC6B2AD9AC9D00507993 /* ContentListViewModel.swift in Sources */ = {isa = PBXBuildFile; fileRef = F061DC6A2AD9AC9D00507993 /* ContentListViewModel.swift */; };
		F061DC6D2AD9E3C700507993 /* ContentViewModel.swift in Sources */ = {isa = PBXBuildFile; fileRef = F061DC6C2AD9E3C700507993 /* ContentViewModel.swift */; };
		F061DC702AD9F02600507993 /* ContentRow.swift in Sources */ = {isa = PBXBuildFile; fileRef = F061DC6F2AD9F02600507993 /* ContentRow.swift */; };
		F061DC722AD9F02E00507993 /* ContentRowViewModel.swift in Sources */ = {isa = PBXBuildFile; fileRef = F061DC712AD9F02E00507993 /* ContentRowViewModel.swift */; };
		F061DC772ADA966F00507993 /* ContentForm.swift in Sources */ = {isa = PBXBuildFile; fileRef = F061DC762ADA966F00507993 /* ContentForm.swift */; };
		F061DC792ADA967C00507993 /* ContentFormViewModel.swift in Sources */ = {isa = PBXBuildFile; fileRef = F061DC782ADA967C00507993 /* ContentFormViewModel.swift */; };
		F061DC7B2ADA9A4600507993 /* FormSection.swift in Sources */ = {isa = PBXBuildFile; fileRef = F061DC7A2ADA9A4600507993 /* FormSection.swift */; };
		F061DC7D2ADAB04100507993 /* ContentFormValues.swift in Sources */ = {isa = PBXBuildFile; fileRef = F061DC7C2ADAB04100507993 /* ContentFormValues.swift */; };
		F061DC7F2ADAB1D200507993 /* String+URL.swift in Sources */ = {isa = PBXBuildFile; fileRef = F061DC7E2ADAB1D200507993 /* String+URL.swift */; };
		F07DE09B2AD7449300B3B91E /* ProjectRow.swift in Sources */ = {isa = PBXBuildFile; fileRef = F07DE09A2AD7449300B3B91E /* ProjectRow.swift */; };
		F092AC462AD6FDDA00EAD1F6 /* Organizer_SwiftUIApp.swift in Sources */ = {isa = PBXBuildFile; fileRef = F092AC452AD6FDDA00EAD1F6 /* Organizer_SwiftUIApp.swift */; };
		F092AC482AD6FDDA00EAD1F6 /* MainView.swift in Sources */ = {isa = PBXBuildFile; fileRef = F092AC472AD6FDDA00EAD1F6 /* MainView.swift */; };
		F092AC4A2AD6FDDB00EAD1F6 /* Assets.xcassets in Resources */ = {isa = PBXBuildFile; fileRef = F092AC492AD6FDDB00EAD1F6 /* Assets.xcassets */; };
		F092AC4D2AD6FDDB00EAD1F6 /* Preview Assets.xcassets in Resources */ = {isa = PBXBuildFile; fileRef = F092AC4C2AD6FDDB00EAD1F6 /* Preview Assets.xcassets */; };
		F092AC592AD7043100EAD1F6 /* Project.swift in Sources */ = {isa = PBXBuildFile; fileRef = F092AC582AD7043100EAD1F6 /* Project.swift */; };
		F092AC5B2AD7046C00EAD1F6 /* ProjectContent.swift in Sources */ = {isa = PBXBuildFile; fileRef = F092AC5A2AD7046C00EAD1F6 /* ProjectContent.swift */; };
		F092AC5F2AD7083C00EAD1F6 /* ModelContainerPreview.swift in Sources */ = {isa = PBXBuildFile; fileRef = F092AC5E2AD7083C00EAD1F6 /* ModelContainerPreview.swift */; };
		F092AC632AD7098E00EAD1F6 /* ProjectListView.swift in Sources */ = {isa = PBXBuildFile; fileRef = F092AC622AD7098E00EAD1F6 /* ProjectListView.swift */; };
		F0E3473A2AD7681100B12AD9 /* ProjectListMenu.swift in Sources */ = {isa = PBXBuildFile; fileRef = F0E347392AD7681100B12AD9 /* ProjectListMenu.swift */; };
		F0E3473C2AD786DC00B12AD9 /* ProjectView.swift in Sources */ = {isa = PBXBuildFile; fileRef = F0E3473B2AD786DC00B12AD9 /* ProjectView.swift */; };
		F0E347412AD7F41300B12AD9 /* ProjectViewModel.swift in Sources */ = {isa = PBXBuildFile; fileRef = F0E347402AD7F41300B12AD9 /* ProjectViewModel.swift */; };
		F0E347432AD7F43B00B12AD9 /* ProjectListViewModel.swift in Sources */ = {isa = PBXBuildFile; fileRef = F0E347422AD7F43B00B12AD9 /* ProjectListViewModel.swift */; };
		F0E347452AD7F48800B12AD9 /* ProjectRowViewModel.swift in Sources */ = {isa = PBXBuildFile; fileRef = F0E347442AD7F48800B12AD9 /* ProjectRowViewModel.swift */; };
		F0E347482AD800E300B12AD9 /* Array+Duplicates.swift in Sources */ = {isa = PBXBuildFile; fileRef = F0E347472AD800E300B12AD9 /* Array+Duplicates.swift */; };
		F0E3474A2AD8010C00B12AD9 /* String+Components.swift in Sources */ = {isa = PBXBuildFile; fileRef = F0E347492AD8010C00B12AD9 /* String+Components.swift */; };
		F0E347502AD81C8A00B12AD9 /* StorageKey.swift in Sources */ = {isa = PBXBuildFile; fileRef = F0E3474F2AD81C8A00B12AD9 /* StorageKey.swift */; };
		F0E347522AD81C9C00B12AD9 /* ProjectListSorting.swift in Sources */ = {isa = PBXBuildFile; fileRef = F0E347512AD81C9C00B12AD9 /* ProjectListSorting.swift */; };
		F0E347542AD81CA900B12AD9 /* ProjectListTheme.swift in Sources */ = {isa = PBXBuildFile; fileRef = F0E347532AD81CA900B12AD9 /* ProjectListTheme.swift */; };
		F0E347592AD8259D00B12AD9 /* FloatingButtonSheet.swift in Sources */ = {isa = PBXBuildFile; fileRef = F0E347582AD8259D00B12AD9 /* FloatingButtonSheet.swift */; };
		F0E3475C2AD8295200B12AD9 /* ProjectForm.swift in Sources */ = {isa = PBXBuildFile; fileRef = F0E3475B2AD8295200B12AD9 /* ProjectForm.swift */; };
		F0E3475F2AD83A7700B12AD9 /* FloatingButton.swift in Sources */ = {isa = PBXBuildFile; fileRef = F0E3475E2AD83A7700B12AD9 /* FloatingButton.swift */; };
		F0E347612AD83A9E00B12AD9 /* FloatingButtonViewModifier.swift in Sources */ = {isa = PBXBuildFile; fileRef = F0E347602AD83A9E00B12AD9 /* FloatingButtonViewModifier.swift */; };
		F0E984852AD8A7FF0082F6A1 /* FormTextField.swift in Sources */ = {isa = PBXBuildFile; fileRef = F0E984842AD8A7FF0082F6A1 /* FormTextField.swift */; };
		F0E984872AD8A8600082F6A1 /* ProjectFormViewModel.swift in Sources */ = {isa = PBXBuildFile; fileRef = F0E984862AD8A8600082F6A1 /* ProjectFormViewModel.swift */; };
		F0E9848A2AD8A89D0082F6A1 /* ProjectFormValues.swift in Sources */ = {isa = PBXBuildFile; fileRef = F0E984892AD8A89D0082F6A1 /* ProjectFormValues.swift */; };
		F0E9848C2AD8ACB40082F6A1 /* FormTextFieldConfiguration.swift in Sources */ = {isa = PBXBuildFile; fileRef = F0E9848B2AD8ACB40082F6A1 /* FormTextFieldConfiguration.swift */; };
/* End PBXBuildFile section */

/* Begin PBXFileReference section */
		F061DC4B2AD944F600507993 /* ContentView.swift */ = {isa = PBXFileReference; lastKnownFileType = sourcecode.swift; path = ContentView.swift; sourceTree = "<group>"; };
		F061DC4E2AD9459200507993 /* ContentListView.swift */ = {isa = PBXFileReference; lastKnownFileType = sourcecode.swift; path = ContentListView.swift; sourceTree = "<group>"; };
		F061DC512AD9721100507993 /* PreviewDataGenerator.swift */ = {isa = PBXFileReference; lastKnownFileType = sourcecode.swift; path = PreviewDataGenerator.swift; sourceTree = "<group>"; };
		F061DC552AD9741100507993 /* ListStyleViewModifier.swift */ = {isa = PBXFileReference; lastKnownFileType = sourcecode.swift; path = ListStyleViewModifier.swift; sourceTree = "<group>"; };
		F061DC582AD9801A00507993 /* SwipeActionButton.swift */ = {isa = PBXFileReference; lastKnownFileType = sourcecode.swift; path = SwipeActionButton.swift; sourceTree = "<group>"; };
		F061DC5A2AD9815C00507993 /* SwipeActionType.swift */ = {isa = PBXFileReference; lastKnownFileType = sourcecode.swift; path = SwipeActionType.swift; sourceTree = "<group>"; };
		F061DC5C2AD99C3500507993 /* ModelContainer+Preview.swift */ = {isa = PBXFileReference; lastKnownFileType = sourcecode.swift; path = "ModelContainer+Preview.swift"; sourceTree = "<group>"; };
		F061DC5F2AD9A0E300507993 /* ContentListSorting.swift */ = {isa = PBXFileReference; lastKnownFileType = sourcecode.swift; path = ContentListSorting.swift; sourceTree = "<group>"; };
		F061DC612AD9A10A00507993 /* ContentListTheme.swift */ = {isa = PBXFileReference; lastKnownFileType = sourcecode.swift; path = ContentListTheme.swift; sourceTree = "<group>"; };
		F061DC642AD9A17E00507993 /* ContentListMenu.swift */ = {isa = PBXFileReference; lastKnownFileType = sourcecode.swift; path = ContentListMenu.swift; sourceTree = "<group>"; };
		F061DC662AD9A25300507993 /* ContentListType.swift */ = {isa = PBXFileReference; lastKnownFileType = sourcecode.swift; path = ContentListType.swift; sourceTree = "<group>"; };
		F061DC682AD9A58500507993 /* AppStorage+Key.swift */ = {isa = PBXFileReference; lastKnownFileType = sourcecode.swift; path = "AppStorage+Key.swift"; sourceTree = "<group>"; };
		F061DC6A2AD9AC9D00507993 /* ContentListViewModel.swift */ = {isa = PBXFileReference; lastKnownFileType = sourcecode.swift; path = ContentListViewModel.swift; sourceTree = "<group>"; };
		F061DC6C2AD9E3C700507993 /* ContentViewModel.swift */ = {isa = PBXFileReference; lastKnownFileType = sourcecode.swift; path = ContentViewModel.swift; sourceTree = "<group>"; };
		F061DC6F2AD9F02600507993 /* ContentRow.swift */ = {isa = PBXFileReference; lastKnownFileType = sourcecode.swift; path = ContentRow.swift; sourceTree = "<group>"; };
		F061DC712AD9F02E00507993 /* ContentRowViewModel.swift */ = {isa = PBXFileReference; lastKnownFileType = sourcecode.swift; path = ContentRowViewModel.swift; sourceTree = "<group>"; };
		F061DC762ADA966F00507993 /* ContentForm.swift */ = {isa = PBXFileReference; lastKnownFileType = sourcecode.swift; path = ContentForm.swift; sourceTree = "<group>"; };
		F061DC782ADA967C00507993 /* ContentFormViewModel.swift */ = {isa = PBXFileReference; lastKnownFileType = sourcecode.swift; path = ContentFormViewModel.swift; sourceTree = "<group>"; };
		F061DC7A2ADA9A4600507993 /* FormSection.swift */ = {isa = PBXFileReference; lastKnownFileType = sourcecode.swift; path = FormSection.swift; sourceTree = "<group>"; };
		F061DC7C2ADAB04100507993 /* ContentFormValues.swift */ = {isa = PBXFileReference; lastKnownFileType = sourcecode.swift; path = ContentFormValues.swift; sourceTree = "<group>"; };
		F061DC7E2ADAB1D200507993 /* String+URL.swift */ = {isa = PBXFileReference; lastKnownFileType = sourcecode.swift; path = "String+URL.swift"; sourceTree = "<group>"; };
		F07DE09A2AD7449300B3B91E /* ProjectRow.swift */ = {isa = PBXFileReference; lastKnownFileType = sourcecode.swift; path = ProjectRow.swift; sourceTree = "<group>"; };
		F092AC422AD6FDDA00EAD1F6 /* Organizer_SwiftUI.app */ = {isa = PBXFileReference; explicitFileType = wrapper.application; includeInIndex = 0; path = Organizer_SwiftUI.app; sourceTree = BUILT_PRODUCTS_DIR; };
		F092AC452AD6FDDA00EAD1F6 /* Organizer_SwiftUIApp.swift */ = {isa = PBXFileReference; lastKnownFileType = sourcecode.swift; path = Organizer_SwiftUIApp.swift; sourceTree = "<group>"; };
		F092AC472AD6FDDA00EAD1F6 /* MainView.swift */ = {isa = PBXFileReference; lastKnownFileType = sourcecode.swift; path = MainView.swift; sourceTree = "<group>"; };
		F092AC492AD6FDDB00EAD1F6 /* Assets.xcassets */ = {isa = PBXFileReference; lastKnownFileType = folder.assetcatalog; path = Assets.xcassets; sourceTree = "<group>"; };
		F092AC4C2AD6FDDB00EAD1F6 /* Preview Assets.xcassets */ = {isa = PBXFileReference; lastKnownFileType = folder.assetcatalog; path = "Preview Assets.xcassets"; sourceTree = "<group>"; };
		F092AC562AD701F700EAD1F6 /* Organizer-SwiftUI-Info.plist */ = {isa = PBXFileReference; lastKnownFileType = text.plist; path = "Organizer-SwiftUI-Info.plist"; sourceTree = SOURCE_ROOT; };
		F092AC582AD7043100EAD1F6 /* Project.swift */ = {isa = PBXFileReference; lastKnownFileType = sourcecode.swift; path = Project.swift; sourceTree = "<group>"; };
		F092AC5A2AD7046C00EAD1F6 /* ProjectContent.swift */ = {isa = PBXFileReference; lastKnownFileType = sourcecode.swift; path = ProjectContent.swift; sourceTree = "<group>"; };
		F092AC5E2AD7083C00EAD1F6 /* ModelContainerPreview.swift */ = {isa = PBXFileReference; lastKnownFileType = sourcecode.swift; path = ModelContainerPreview.swift; sourceTree = "<group>"; };
		F092AC622AD7098E00EAD1F6 /* ProjectListView.swift */ = {isa = PBXFileReference; lastKnownFileType = sourcecode.swift; path = ProjectListView.swift; sourceTree = "<group>"; };
		F0E347392AD7681100B12AD9 /* ProjectListMenu.swift */ = {isa = PBXFileReference; lastKnownFileType = sourcecode.swift; path = ProjectListMenu.swift; sourceTree = "<group>"; };
		F0E3473B2AD786DC00B12AD9 /* ProjectView.swift */ = {isa = PBXFileReference; lastKnownFileType = sourcecode.swift; path = ProjectView.swift; sourceTree = "<group>"; };
		F0E347402AD7F41300B12AD9 /* ProjectViewModel.swift */ = {isa = PBXFileReference; lastKnownFileType = sourcecode.swift; path = ProjectViewModel.swift; sourceTree = "<group>"; };
		F0E347422AD7F43B00B12AD9 /* ProjectListViewModel.swift */ = {isa = PBXFileReference; lastKnownFileType = sourcecode.swift; path = ProjectListViewModel.swift; sourceTree = "<group>"; };
		F0E347442AD7F48800B12AD9 /* ProjectRowViewModel.swift */ = {isa = PBXFileReference; lastKnownFileType = sourcecode.swift; path = ProjectRowViewModel.swift; sourceTree = "<group>"; };
		F0E347472AD800E300B12AD9 /* Array+Duplicates.swift */ = {isa = PBXFileReference; lastKnownFileType = sourcecode.swift; path = "Array+Duplicates.swift"; sourceTree = "<group>"; };
		F0E347492AD8010C00B12AD9 /* String+Components.swift */ = {isa = PBXFileReference; lastKnownFileType = sourcecode.swift; path = "String+Components.swift"; sourceTree = "<group>"; };
		F0E3474F2AD81C8A00B12AD9 /* StorageKey.swift */ = {isa = PBXFileReference; lastKnownFileType = sourcecode.swift; path = StorageKey.swift; sourceTree = "<group>"; };
		F0E347512AD81C9C00B12AD9 /* ProjectListSorting.swift */ = {isa = PBXFileReference; lastKnownFileType = sourcecode.swift; path = ProjectListSorting.swift; sourceTree = "<group>"; };
		F0E347532AD81CA900B12AD9 /* ProjectListTheme.swift */ = {isa = PBXFileReference; lastKnownFileType = sourcecode.swift; path = ProjectListTheme.swift; sourceTree = "<group>"; };
		F0E347582AD8259D00B12AD9 /* FloatingButtonSheet.swift */ = {isa = PBXFileReference; lastKnownFileType = sourcecode.swift; path = FloatingButtonSheet.swift; sourceTree = "<group>"; };
		F0E3475B2AD8295200B12AD9 /* ProjectForm.swift */ = {isa = PBXFileReference; lastKnownFileType = sourcecode.swift; path = ProjectForm.swift; sourceTree = "<group>"; };
		F0E3475E2AD83A7700B12AD9 /* FloatingButton.swift */ = {isa = PBXFileReference; lastKnownFileType = sourcecode.swift; path = FloatingButton.swift; sourceTree = "<group>"; };
		F0E347602AD83A9E00B12AD9 /* FloatingButtonViewModifier.swift */ = {isa = PBXFileReference; lastKnownFileType = sourcecode.swift; path = FloatingButtonViewModifier.swift; sourceTree = "<group>"; };
		F0E984842AD8A7FF0082F6A1 /* FormTextField.swift */ = {isa = PBXFileReference; lastKnownFileType = sourcecode.swift; path = FormTextField.swift; sourceTree = "<group>"; };
		F0E984862AD8A8600082F6A1 /* ProjectFormViewModel.swift */ = {isa = PBXFileReference; lastKnownFileType = sourcecode.swift; path = ProjectFormViewModel.swift; sourceTree = "<group>"; };
		F0E984892AD8A89D0082F6A1 /* ProjectFormValues.swift */ = {isa = PBXFileReference; lastKnownFileType = sourcecode.swift; path = ProjectFormValues.swift; sourceTree = "<group>"; };
		F0E9848B2AD8ACB40082F6A1 /* FormTextFieldConfiguration.swift */ = {isa = PBXFileReference; lastKnownFileType = sourcecode.swift; path = FormTextFieldConfiguration.swift; sourceTree = "<group>"; };
/* End PBXFileReference section */

/* Begin PBXFrameworksBuildPhase section */
		F092AC3F2AD6FDDA00EAD1F6 /* Frameworks */ = {
			isa = PBXFrameworksBuildPhase;
			buildActionMask = 2147483647;
			files = (
			);
			runOnlyForDeploymentPostprocessing = 0;
		};
/* End PBXFrameworksBuildPhase section */

/* Begin PBXGroup section */
		F061DC492AD944D200507993 /* Content */ = {
			isa = PBXGroup;
			children = (
				F061DC5E2AD9A0D700507993 /* Models */,
				F061DC4A2AD944E200507993 /* Views */,
			);
			path = Content;
			sourceTree = "<group>";
		};
		F061DC4A2AD944E200507993 /* Views */ = {
			isa = PBXGroup;
			children = (
				F061DC4B2AD944F600507993 /* ContentView.swift */,
				F061DC6C2AD9E3C700507993 /* ContentViewModel.swift */,
				F061DC4D2AD9458400507993 /* List */,
				F061DC632AD9A16600507993 /* Menu */,
			);
			path = Views;
			sourceTree = "<group>";
		};
		F061DC4D2AD9458400507993 /* List */ = {
			isa = PBXGroup;
			children = (
				F061DC4E2AD9459200507993 /* ContentListView.swift */,
				F061DC6A2AD9AC9D00507993 /* ContentListViewModel.swift */,
				F061DC6E2AD9F00400507993 /* Row */,
			);
			path = List;
			sourceTree = "<group>";
		};
		F061DC532AD973AD00507993 /* ViewModifiers */ = {
			isa = PBXGroup;
			children = (
				F061DC552AD9741100507993 /* ListStyleViewModifier.swift */,
			);
			path = ViewModifiers;
			sourceTree = "<group>";
		};
		F061DC542AD973E800507993 /* Preview */ = {
			isa = PBXGroup;
			children = (
				F092AC5E2AD7083C00EAD1F6 /* ModelContainerPreview.swift */,
				F061DC5C2AD99C3500507993 /* ModelContainer+Preview.swift */,
				F061DC512AD9721100507993 /* PreviewDataGenerator.swift */,
			);
			path = Preview;
			sourceTree = "<group>";
		};
		F061DC572AD97FE900507993 /* SwipeActionButton */ = {
			isa = PBXGroup;
			children = (
				F061DC582AD9801A00507993 /* SwipeActionButton.swift */,
				F061DC5A2AD9815C00507993 /* SwipeActionType.swift */,
			);
			path = SwipeActionButton;
			sourceTree = "<group>";
		};
		F061DC5E2AD9A0D700507993 /* Models */ = {
			isa = PBXGroup;
			children = (
				F061DC5F2AD9A0E300507993 /* ContentListSorting.swift */,
				F061DC612AD9A10A00507993 /* ContentListTheme.swift */,
				F061DC662AD9A25300507993 /* ContentListType.swift */,
			);
			path = Models;
			sourceTree = "<group>";
		};
		F061DC632AD9A16600507993 /* Menu */ = {
			isa = PBXGroup;
			children = (
				F061DC642AD9A17E00507993 /* ContentListMenu.swift */,
			);
			path = Menu;
			sourceTree = "<group>";
		};
		F061DC6E2AD9F00400507993 /* Row */ = {
			isa = PBXGroup;
			children = (
				F061DC6F2AD9F02600507993 /* ContentRow.swift */,
				F061DC712AD9F02E00507993 /* ContentRowViewModel.swift */,
			);
			path = Row;
			sourceTree = "<group>";
		};
		F061DC732ADA963B00507993 /* ContentForm */ = {
			isa = PBXGroup;
			children = (
				F061DC742ADA965900507993 /* Models */,
				F061DC752ADA965F00507993 /* Views */,
			);
			path = ContentForm;
			sourceTree = "<group>";
		};
		F061DC742ADA965900507993 /* Models */ = {
			isa = PBXGroup;
			children = (
				F061DC7C2ADAB04100507993 /* ContentFormValues.swift */,
			);
			path = Models;
			sourceTree = "<group>";
		};
		F061DC752ADA965F00507993 /* Views */ = {
			isa = PBXGroup;
			children = (
				F061DC762ADA966F00507993 /* ContentForm.swift */,
				F061DC782ADA967C00507993 /* ContentFormViewModel.swift */,
			);
			path = Views;
			sourceTree = "<group>";
		};
		F092AC392AD6FDDA00EAD1F6 = {
			isa = PBXGroup;
			children = (
				F092AC442AD6FDDA00EAD1F6 /* Organizer_SwiftUI */,
				F092AC432AD6FDDA00EAD1F6 /* Products */,
			);
			sourceTree = "<group>";
		};
		F092AC432AD6FDDA00EAD1F6 /* Products */ = {
			isa = PBXGroup;
			children = (
				F092AC422AD6FDDA00EAD1F6 /* Organizer_SwiftUI.app */,
			);
			name = Products;
			sourceTree = "<group>";
		};
		F092AC442AD6FDDA00EAD1F6 /* Organizer_SwiftUI */ = {
			isa = PBXGroup;
			children = (
				F092AC532AD6FE0F00EAD1F6 /* App */,
				F0E347462AD800CD00B12AD9 /* Extensions */,
				F0E347552AD8257700B12AD9 /* Helpers */,
				F092AC572AD7041800EAD1F6 /* Models */,
				F092AC602AD7092600EAD1F6 /* Modules */,
				F092AC542AD6FE1E00EAD1F6 /* Resources */,
				F092AC562AD701F700EAD1F6 /* Organizer-SwiftUI-Info.plist */,
				F092AC4B2AD6FDDB00EAD1F6 /* Preview Content */,
			);
			path = Organizer_SwiftUI;
			sourceTree = "<group>";
		};
		F092AC4B2AD6FDDB00EAD1F6 /* Preview Content */ = {
			isa = PBXGroup;
			children = (
				F092AC4C2AD6FDDB00EAD1F6 /* Preview Assets.xcassets */,
			);
			path = "Preview Content";
			sourceTree = "<group>";
		};
		F092AC532AD6FE0F00EAD1F6 /* App */ = {
			isa = PBXGroup;
			children = (
				F092AC452AD6FDDA00EAD1F6 /* Organizer_SwiftUIApp.swift */,
				F092AC472AD6FDDA00EAD1F6 /* MainView.swift */,
			);
			path = App;
			sourceTree = "<group>";
		};
		F092AC542AD6FE1E00EAD1F6 /* Resources */ = {
			isa = PBXGroup;
			children = (
				F092AC492AD6FDDB00EAD1F6 /* Assets.xcassets */,
			);
			path = Resources;
			sourceTree = "<group>";
		};
		F092AC572AD7041800EAD1F6 /* Models */ = {
			isa = PBXGroup;
			children = (
				F092AC582AD7043100EAD1F6 /* Project.swift */,
				F092AC5A2AD7046C00EAD1F6 /* ProjectContent.swift */,
			);
			path = Models;
			sourceTree = "<group>";
		};
		F092AC602AD7092600EAD1F6 /* Modules */ = {
			isa = PBXGroup;
			children = (
				F092AC612AD7093700EAD1F6 /* Project */,
				F0E3475A2AD8293C00B12AD9 /* ProjectForm */,
				F061DC492AD944D200507993 /* Content */,
				F061DC732ADA963B00507993 /* ContentForm */,
			);
			path = Modules;
			sourceTree = "<group>";
		};
		F092AC612AD7093700EAD1F6 /* Project */ = {
			isa = PBXGroup;
			children = (
				F0E3474E2AD81C7B00B12AD9 /* Models */,
				F0E3474D2AD81C7000B12AD9 /* Views */,
			);
			path = Project;
			sourceTree = "<group>";
		};
		F0E3473D2AD7F29B00B12AD9 /* List */ = {
			isa = PBXGroup;
			children = (
				F092AC622AD7098E00EAD1F6 /* ProjectListView.swift */,
				F0E347422AD7F43B00B12AD9 /* ProjectListViewModel.swift */,
				F0E3473F2AD7F3FF00B12AD9 /* Row */,
			);
			path = List;
			sourceTree = "<group>";
		};
		F0E3473E2AD7F2A600B12AD9 /* Menu */ = {
			isa = PBXGroup;
			children = (
				F0E347392AD7681100B12AD9 /* ProjectListMenu.swift */,
			);
			path = Menu;
			sourceTree = "<group>";
		};
		F0E3473F2AD7F3FF00B12AD9 /* Row */ = {
			isa = PBXGroup;
			children = (
				F07DE09A2AD7449300B3B91E /* ProjectRow.swift */,
				F0E347442AD7F48800B12AD9 /* ProjectRowViewModel.swift */,
			);
			path = Row;
			sourceTree = "<group>";
		};
		F0E347462AD800CD00B12AD9 /* Extensions */ = {
			isa = PBXGroup;
			children = (
				F0E347472AD800E300B12AD9 /* Array+Duplicates.swift */,
				F0E347492AD8010C00B12AD9 /* String+Components.swift */,
				F061DC7E2ADAB1D200507993 /* String+URL.swift */,
			);
			path = Extensions;
			sourceTree = "<group>";
		};
		F0E3474D2AD81C7000B12AD9 /* Views */ = {
			isa = PBXGroup;
			children = (
				F0E3473B2AD786DC00B12AD9 /* ProjectView.swift */,
				F0E347402AD7F41300B12AD9 /* ProjectViewModel.swift */,
				F0E3473D2AD7F29B00B12AD9 /* List */,
				F0E3473E2AD7F2A600B12AD9 /* Menu */,
			);
			path = Views;
			sourceTree = "<group>";
		};
		F0E3474E2AD81C7B00B12AD9 /* Models */ = {
			isa = PBXGroup;
			children = (
				F0E347512AD81C9C00B12AD9 /* ProjectListSorting.swift */,
				F0E347532AD81CA900B12AD9 /* ProjectListTheme.swift */,
			);
			path = Models;
			sourceTree = "<group>";
		};
		F0E347552AD8257700B12AD9 /* Helpers */ = {
			isa = PBXGroup;
			children = (
				F061DC542AD973E800507993 /* Preview */,
				F0E347562AD8257E00B12AD9 /* Storage */,
				F0E347572AD8258900B12AD9 /* Views */,
				F061DC532AD973AD00507993 /* ViewModifiers */,
			);
			path = Helpers;
			sourceTree = "<group>";
		};
		F0E347562AD8257E00B12AD9 /* Storage */ = {
			isa = PBXGroup;
			children = (
				F0E3474F2AD81C8A00B12AD9 /* StorageKey.swift */,
				F061DC682AD9A58500507993 /* AppStorage+Key.swift */,
			);
			path = Storage;
			sourceTree = "<group>";
		};
		F0E347572AD8258900B12AD9 /* Views */ = {
			isa = PBXGroup;
			children = (
				F0E3475D2AD83A6A00B12AD9 /* FloatingButton */,
				F0E984832AD8A7ED0082F6A1 /* Form */,
				F061DC572AD97FE900507993 /* SwipeActionButton */,
			);
			path = Views;
			sourceTree = "<group>";
		};
		F0E3475A2AD8293C00B12AD9 /* ProjectForm */ = {
			isa = PBXGroup;
			children = (
				F0E984882AD8A8920082F6A1 /* Models */,
				F0E9848D2AD8B0E30082F6A1 /* Views */,
			);
			path = ProjectForm;
			sourceTree = "<group>";
		};
		F0E3475D2AD83A6A00B12AD9 /* FloatingButton */ = {
			isa = PBXGroup;
			children = (
				F0E3475E2AD83A7700B12AD9 /* FloatingButton.swift */,
				F0E347582AD8259D00B12AD9 /* FloatingButtonSheet.swift */,
				F0E347602AD83A9E00B12AD9 /* FloatingButtonViewModifier.swift */,
			);
			path = FloatingButton;
			sourceTree = "<group>";
		};
		F0E984832AD8A7ED0082F6A1 /* Form */ = {
			isa = PBXGroup;
			children = (
				F061DC7A2ADA9A4600507993 /* FormSection.swift */,
				F0E984842AD8A7FF0082F6A1 /* FormTextField.swift */,
				F0E9848B2AD8ACB40082F6A1 /* FormTextFieldConfiguration.swift */,
			);
			path = Form;
			sourceTree = "<group>";
		};
		F0E984882AD8A8920082F6A1 /* Models */ = {
			isa = PBXGroup;
			children = (
				F0E984892AD8A89D0082F6A1 /* ProjectFormValues.swift */,
			);
			path = Models;
			sourceTree = "<group>";
		};
		F0E9848D2AD8B0E30082F6A1 /* Views */ = {
			isa = PBXGroup;
			children = (
				F0E3475B2AD8295200B12AD9 /* ProjectForm.swift */,
				F0E984862AD8A8600082F6A1 /* ProjectFormViewModel.swift */,
			);
			path = Views;
			sourceTree = "<group>";
		};
/* End PBXGroup section */

/* Begin PBXNativeTarget section */
		F092AC412AD6FDDA00EAD1F6 /* Organizer_SwiftUI */ = {
			isa = PBXNativeTarget;
			buildConfigurationList = F092AC502AD6FDDB00EAD1F6 /* Build configuration list for PBXNativeTarget "Organizer_SwiftUI" */;
			buildPhases = (
				F092AC3E2AD6FDDA00EAD1F6 /* Sources */,
				F092AC3F2AD6FDDA00EAD1F6 /* Frameworks */,
				F092AC402AD6FDDA00EAD1F6 /* Resources */,
			);
			buildRules = (
			);
			dependencies = (
			);
			name = Organizer_SwiftUI;
			productName = Organizer_SwiftUI;
			productReference = F092AC422AD6FDDA00EAD1F6 /* Organizer_SwiftUI.app */;
			productType = "com.apple.product-type.application";
		};
/* End PBXNativeTarget section */

/* Begin PBXProject section */
		F092AC3A2AD6FDDA00EAD1F6 /* Project object */ = {
			isa = PBXProject;
			attributes = {
				BuildIndependentTargetsInParallel = 1;
				LastSwiftUpdateCheck = 1500;
				LastUpgradeCheck = 1500;
				TargetAttributes = {
					F092AC412AD6FDDA00EAD1F6 = {
						CreatedOnToolsVersion = 15.0;
					};
				};
			};
			buildConfigurationList = F092AC3D2AD6FDDA00EAD1F6 /* Build configuration list for PBXProject "Organizer_SwiftUI" */;
			compatibilityVersion = "Xcode 14.0";
			developmentRegion = en;
			hasScannedForEncodings = 0;
			knownRegions = (
				en,
				Base,
			);
			mainGroup = F092AC392AD6FDDA00EAD1F6;
			productRefGroup = F092AC432AD6FDDA00EAD1F6 /* Products */;
			projectDirPath = "";
			projectRoot = "";
			targets = (
				F092AC412AD6FDDA00EAD1F6 /* Organizer_SwiftUI */,
			);
		};
/* End PBXProject section */

/* Begin PBXResourcesBuildPhase section */
		F092AC402AD6FDDA00EAD1F6 /* Resources */ = {
			isa = PBXResourcesBuildPhase;
			buildActionMask = 2147483647;
			files = (
				F092AC4D2AD6FDDB00EAD1F6 /* Preview Assets.xcassets in Resources */,
				F092AC4A2AD6FDDB00EAD1F6 /* Assets.xcassets in Resources */,
			);
			runOnlyForDeploymentPostprocessing = 0;
		};
/* End PBXResourcesBuildPhase section */

/* Begin PBXSourcesBuildPhase section */
		F092AC3E2AD6FDDA00EAD1F6 /* Sources */ = {
			isa = PBXSourcesBuildPhase;
			buildActionMask = 2147483647;
			files = (
				F092AC5F2AD7083C00EAD1F6 /* ModelContainerPreview.swift in Sources */,
				F061DC672AD9A25300507993 /* ContentListType.swift in Sources */,
				F092AC482AD6FDDA00EAD1F6 /* MainView.swift in Sources */,
				F061DC592AD9801A00507993 /* SwipeActionButton.swift in Sources */,
				F061DC622AD9A10A00507993 /* ContentListTheme.swift in Sources */,
				F0E3475F2AD83A7700B12AD9 /* FloatingButton.swift in Sources */,
				F0E3473C2AD786DC00B12AD9 /* ProjectView.swift in Sources */,
				F0E984872AD8A8600082F6A1 /* ProjectFormViewModel.swift in Sources */,
				F0E3474A2AD8010C00B12AD9 /* String+Components.swift in Sources */,
				F07DE09B2AD7449300B3B91E /* ProjectRow.swift in Sources */,
				F0E347542AD81CA900B12AD9 /* ProjectListTheme.swift in Sources */,
				F061DC722AD9F02E00507993 /* ContentRowViewModel.swift in Sources */,
				F061DC652AD9A17E00507993 /* ContentListMenu.swift in Sources */,
				F0E347432AD7F43B00B12AD9 /* ProjectListViewModel.swift in Sources */,
				F0E3475C2AD8295200B12AD9 /* ProjectForm.swift in Sources */,
				F061DC6D2AD9E3C700507993 /* ContentViewModel.swift in Sources */,
				F0E3473A2AD7681100B12AD9 /* ProjectListMenu.swift in Sources */,
				F092AC5B2AD7046C00EAD1F6 /* ProjectContent.swift in Sources */,
				F061DC7F2ADAB1D200507993 /* String+URL.swift in Sources */,
				F061DC792ADA967C00507993 /* ContentFormViewModel.swift in Sources */,
				F061DC602AD9A0E300507993 /* ContentListSorting.swift in Sources */,
				F061DC7D2ADAB04100507993 /* ContentFormValues.swift in Sources */,
				F092AC462AD6FDDA00EAD1F6 /* Organizer_SwiftUIApp.swift in Sources */,
				F0E347502AD81C8A00B12AD9 /* StorageKey.swift in Sources */,
				F061DC4C2AD944F600507993 /* ContentView.swift in Sources */,
				F0E347522AD81C9C00B12AD9 /* ProjectListSorting.swift in Sources */,
				F092AC592AD7043100EAD1F6 /* Project.swift in Sources */,
				F0E9848A2AD8A89D0082F6A1 /* ProjectFormValues.swift in Sources */,
				F092AC632AD7098E00EAD1F6 /* ProjectListView.swift in Sources */,
				F061DC522AD9721100507993 /* PreviewDataGenerator.swift in Sources */,
				F061DC692AD9A58500507993 /* AppStorage+Key.swift in Sources */,
				F0E347412AD7F41300B12AD9 /* ProjectViewModel.swift in Sources */,
				F0E984852AD8A7FF0082F6A1 /* FormTextField.swift in Sources */,
				F061DC5B2AD9815C00507993 /* SwipeActionType.swift in Sources */,
				F061DC5D2AD99C3500507993 /* ModelContainer+Preview.swift in Sources */,
				F0E347612AD83A9E00B12AD9 /* FloatingButtonViewModifier.swift in Sources */,
				F061DC772ADA966F00507993 /* ContentForm.swift in Sources */,
				F0E347452AD7F48800B12AD9 /* ProjectRowViewModel.swift in Sources */,
				F061DC562AD9741100507993 /* ListStyleViewModifier.swift in Sources */,
				F0E347592AD8259D00B12AD9 /* FloatingButtonSheet.swift in Sources */,
				F0E9848C2AD8ACB40082F6A1 /* FormTextFieldConfiguration.swift in Sources */,
				F061DC4F2AD9459200507993 /* ContentListView.swift in Sources */,
				F061DC6B2AD9AC9D00507993 /* ContentListViewModel.swift in Sources */,
				F061DC7B2ADA9A4600507993 /* FormSection.swift in Sources */,
				F061DC702AD9F02600507993 /* ContentRow.swift in Sources */,
				F0E347482AD800E300B12AD9 /* Array+Duplicates.swift in Sources */,
			);
			runOnlyForDeploymentPostprocessing = 0;
		};
/* End PBXSourcesBuildPhase section */

/* Begin XCBuildConfiguration section */
		F092AC4E2AD6FDDB00EAD1F6 /* Debug */ = {
			isa = XCBuildConfiguration;
			buildSettings = {
				ALWAYS_SEARCH_USER_PATHS = NO;
				ASSETCATALOG_COMPILER_GENERATE_SWIFT_ASSET_SYMBOL_EXTENSIONS = YES;
				CLANG_ANALYZER_NONNULL = YES;
				CLANG_ANALYZER_NUMBER_OBJECT_CONVERSION = YES_AGGRESSIVE;
				CLANG_CXX_LANGUAGE_STANDARD = "gnu++20";
				CLANG_ENABLE_MODULES = YES;
				CLANG_ENABLE_OBJC_ARC = YES;
				CLANG_ENABLE_OBJC_WEAK = YES;
				CLANG_WARN_BLOCK_CAPTURE_AUTORELEASING = YES;
				CLANG_WARN_BOOL_CONVERSION = YES;
				CLANG_WARN_COMMA = YES;
				CLANG_WARN_CONSTANT_CONVERSION = YES;
				CLANG_WARN_DEPRECATED_OBJC_IMPLEMENTATIONS = YES;
				CLANG_WARN_DIRECT_OBJC_ISA_USAGE = YES_ERROR;
				CLANG_WARN_DOCUMENTATION_COMMENTS = YES;
				CLANG_WARN_EMPTY_BODY = YES;
				CLANG_WARN_ENUM_CONVERSION = YES;
				CLANG_WARN_INFINITE_RECURSION = YES;
				CLANG_WARN_INT_CONVERSION = YES;
				CLANG_WARN_NON_LITERAL_NULL_CONVERSION = YES;
				CLANG_WARN_OBJC_IMPLICIT_RETAIN_SELF = YES;
				CLANG_WARN_OBJC_LITERAL_CONVERSION = YES;
				CLANG_WARN_OBJC_ROOT_CLASS = YES_ERROR;
				CLANG_WARN_QUOTED_INCLUDE_IN_FRAMEWORK_HEADER = YES;
				CLANG_WARN_RANGE_LOOP_ANALYSIS = YES;
				CLANG_WARN_STRICT_PROTOTYPES = YES;
				CLANG_WARN_SUSPICIOUS_MOVE = YES;
				CLANG_WARN_UNGUARDED_AVAILABILITY = YES_AGGRESSIVE;
				CLANG_WARN_UNREACHABLE_CODE = YES;
				CLANG_WARN__DUPLICATE_METHOD_MATCH = YES;
				COPY_PHASE_STRIP = NO;
				DEBUG_INFORMATION_FORMAT = dwarf;
				ENABLE_STRICT_OBJC_MSGSEND = YES;
				ENABLE_TESTABILITY = YES;
				ENABLE_USER_SCRIPT_SANDBOXING = YES;
				GCC_C_LANGUAGE_STANDARD = gnu17;
				GCC_DYNAMIC_NO_PIC = NO;
				GCC_NO_COMMON_BLOCKS = YES;
				GCC_OPTIMIZATION_LEVEL = 0;
				GCC_PREPROCESSOR_DEFINITIONS = (
					"DEBUG=1",
					"$(inherited)",
				);
				GCC_WARN_64_TO_32_BIT_CONVERSION = YES;
				GCC_WARN_ABOUT_RETURN_TYPE = YES_ERROR;
				GCC_WARN_UNDECLARED_SELECTOR = YES;
				GCC_WARN_UNINITIALIZED_AUTOS = YES_AGGRESSIVE;
				GCC_WARN_UNUSED_FUNCTION = YES;
				GCC_WARN_UNUSED_VARIABLE = YES;
				IPHONEOS_DEPLOYMENT_TARGET = 17.0;
				LOCALIZATION_PREFERS_STRING_CATALOGS = YES;
				MTL_ENABLE_DEBUG_INFO = INCLUDE_SOURCE;
				MTL_FAST_MATH = YES;
				ONLY_ACTIVE_ARCH = YES;
				SDKROOT = iphoneos;
				SWIFT_ACTIVE_COMPILATION_CONDITIONS = "DEBUG $(inherited)";
				SWIFT_OPTIMIZATION_LEVEL = "-Onone";
			};
			name = Debug;
		};
		F092AC4F2AD6FDDB00EAD1F6 /* Release */ = {
			isa = XCBuildConfiguration;
			buildSettings = {
				ALWAYS_SEARCH_USER_PATHS = NO;
				ASSETCATALOG_COMPILER_GENERATE_SWIFT_ASSET_SYMBOL_EXTENSIONS = YES;
				CLANG_ANALYZER_NONNULL = YES;
				CLANG_ANALYZER_NUMBER_OBJECT_CONVERSION = YES_AGGRESSIVE;
				CLANG_CXX_LANGUAGE_STANDARD = "gnu++20";
				CLANG_ENABLE_MODULES = YES;
				CLANG_ENABLE_OBJC_ARC = YES;
				CLANG_ENABLE_OBJC_WEAK = YES;
				CLANG_WARN_BLOCK_CAPTURE_AUTORELEASING = YES;
				CLANG_WARN_BOOL_CONVERSION = YES;
				CLANG_WARN_COMMA = YES;
				CLANG_WARN_CONSTANT_CONVERSION = YES;
				CLANG_WARN_DEPRECATED_OBJC_IMPLEMENTATIONS = YES;
				CLANG_WARN_DIRECT_OBJC_ISA_USAGE = YES_ERROR;
				CLANG_WARN_DOCUMENTATION_COMMENTS = YES;
				CLANG_WARN_EMPTY_BODY = YES;
				CLANG_WARN_ENUM_CONVERSION = YES;
				CLANG_WARN_INFINITE_RECURSION = YES;
				CLANG_WARN_INT_CONVERSION = YES;
				CLANG_WARN_NON_LITERAL_NULL_CONVERSION = YES;
				CLANG_WARN_OBJC_IMPLICIT_RETAIN_SELF = YES;
				CLANG_WARN_OBJC_LITERAL_CONVERSION = YES;
				CLANG_WARN_OBJC_ROOT_CLASS = YES_ERROR;
				CLANG_WARN_QUOTED_INCLUDE_IN_FRAMEWORK_HEADER = YES;
				CLANG_WARN_RANGE_LOOP_ANALYSIS = YES;
				CLANG_WARN_STRICT_PROTOTYPES = YES;
				CLANG_WARN_SUSPICIOUS_MOVE = YES;
				CLANG_WARN_UNGUARDED_AVAILABILITY = YES_AGGRESSIVE;
				CLANG_WARN_UNREACHABLE_CODE = YES;
				CLANG_WARN__DUPLICATE_METHOD_MATCH = YES;
				COPY_PHASE_STRIP = NO;
				DEBUG_INFORMATION_FORMAT = "dwarf-with-dsym";
				ENABLE_NS_ASSERTIONS = NO;
				ENABLE_STRICT_OBJC_MSGSEND = YES;
				ENABLE_USER_SCRIPT_SANDBOXING = YES;
				GCC_C_LANGUAGE_STANDARD = gnu17;
				GCC_NO_COMMON_BLOCKS = YES;
				GCC_WARN_64_TO_32_BIT_CONVERSION = YES;
				GCC_WARN_ABOUT_RETURN_TYPE = YES_ERROR;
				GCC_WARN_UNDECLARED_SELECTOR = YES;
				GCC_WARN_UNINITIALIZED_AUTOS = YES_AGGRESSIVE;
				GCC_WARN_UNUSED_FUNCTION = YES;
				GCC_WARN_UNUSED_VARIABLE = YES;
				IPHONEOS_DEPLOYMENT_TARGET = 17.0;
				LOCALIZATION_PREFERS_STRING_CATALOGS = YES;
				MTL_ENABLE_DEBUG_INFO = NO;
				MTL_FAST_MATH = YES;
				SDKROOT = iphoneos;
				SWIFT_COMPILATION_MODE = wholemodule;
				VALIDATE_PRODUCT = YES;
			};
			name = Release;
		};
		F092AC512AD6FDDB00EAD1F6 /* Debug */ = {
			isa = XCBuildConfiguration;
			buildSettings = {
				ASSETCATALOG_COMPILER_APPICON_NAME = AppIcon;
				ASSETCATALOG_COMPILER_GLOBAL_ACCENT_COLOR_NAME = AccentColor;
				CODE_SIGN_STYLE = Automatic;
				CURRENT_PROJECT_VERSION = 1;
				DEVELOPMENT_ASSET_PATHS = "\"Organizer_SwiftUI/Preview Content\"";
				DEVELOPMENT_TEAM = EE36UWQ2XG;
				ENABLE_PREVIEWS = YES;
				GENERATE_INFOPLIST_FILE = YES;
				INFOPLIST_FILE = "Organizer-SwiftUI-Info.plist";
				INFOPLIST_KEY_CFBundleDisplayName = Organizer;
				INFOPLIST_KEY_UIApplicationSceneManifest_Generation = YES;
				INFOPLIST_KEY_UIApplicationSupportsIndirectInputEvents = YES;
				INFOPLIST_KEY_UISupportedInterfaceOrientations = UIInterfaceOrientationPortrait;
				INFOPLIST_KEY_UISupportedInterfaceOrientations_iPad = "UIInterfaceOrientationLandscapeLeft UIInterfaceOrientationLandscapeRight UIInterfaceOrientationPortrait UIInterfaceOrientationPortraitUpsideDown";
				LD_RUNPATH_SEARCH_PATHS = (
					"$(inherited)",
					"@executable_path/Frameworks",
				);
				MARKETING_VERSION = 1.0;
				PRODUCT_BUNDLE_IDENTIFIER = "com.thibautrichez.Organizer-SwiftUI";
				PRODUCT_NAME = "$(TARGET_NAME)";
				SWIFT_EMIT_LOC_STRINGS = YES;
				SWIFT_VERSION = 5.0;
				TARGETED_DEVICE_FAMILY = "1,2";
			};
			name = Debug;
		};
		F092AC522AD6FDDB00EAD1F6 /* Release */ = {
			isa = XCBuildConfiguration;
			buildSettings = {
				ASSETCATALOG_COMPILER_APPICON_NAME = AppIcon;
				ASSETCATALOG_COMPILER_GLOBAL_ACCENT_COLOR_NAME = AccentColor;
				CODE_SIGN_STYLE = Automatic;
				CURRENT_PROJECT_VERSION = 1;
				DEVELOPMENT_ASSET_PATHS = "\"Organizer_SwiftUI/Preview Content\"";
				DEVELOPMENT_TEAM = EE36UWQ2XG;
				ENABLE_PREVIEWS = YES;
				GENERATE_INFOPLIST_FILE = YES;
				INFOPLIST_FILE = "Organizer-SwiftUI-Info.plist";
				INFOPLIST_KEY_CFBundleDisplayName = Organizer;
				INFOPLIST_KEY_UIApplicationSceneManifest_Generation = YES;
				INFOPLIST_KEY_UIApplicationSupportsIndirectInputEvents = YES;
				INFOPLIST_KEY_UISupportedInterfaceOrientations = UIInterfaceOrientationPortrait;
				INFOPLIST_KEY_UISupportedInterfaceOrientations_iPad = "UIInterfaceOrientationLandscapeLeft UIInterfaceOrientationLandscapeRight UIInterfaceOrientationPortrait UIInterfaceOrientationPortraitUpsideDown";
				LD_RUNPATH_SEARCH_PATHS = (
					"$(inherited)",
					"@executable_path/Frameworks",
				);
				MARKETING_VERSION = 1.0;
				PRODUCT_BUNDLE_IDENTIFIER = "com.thibautrichez.Organizer-SwiftUI";
				PRODUCT_NAME = "$(TARGET_NAME)";
				SWIFT_EMIT_LOC_STRINGS = YES;
				SWIFT_VERSION = 5.0;
				TARGETED_DEVICE_FAMILY = "1,2";
			};
			name = Release;
		};
/* End XCBuildConfiguration section */

/* Begin XCConfigurationList section */
		F092AC3D2AD6FDDA00EAD1F6 /* Build configuration list for PBXProject "Organizer_SwiftUI" */ = {
			isa = XCConfigurationList;
			buildConfigurations = (
				F092AC4E2AD6FDDB00EAD1F6 /* Debug */,
				F092AC4F2AD6FDDB00EAD1F6 /* Release */,
			);
			defaultConfigurationIsVisible = 0;
			defaultConfigurationName = Release;
		};
		F092AC502AD6FDDB00EAD1F6 /* Build configuration list for PBXNativeTarget "Organizer_SwiftUI" */ = {
			isa = XCConfigurationList;
			buildConfigurations = (
				F092AC512AD6FDDB00EAD1F6 /* Debug */,
				F092AC522AD6FDDB00EAD1F6 /* Release */,
			);
			defaultConfigurationIsVisible = 0;
			defaultConfigurationName = Release;
		};
/* End XCConfigurationList section */
	};
	rootObject = F092AC3A2AD6FDDA00EAD1F6 /* Project object */;
}
