// !$*UTF8*$!
{
	archiveVersion = 1;
	classes = {
	};
	objectVersion = 56;
	objects = {

/* Begin PBXBuildFile section */
		F0732B9E2AA61A7B0027EC4F /* AppDelegate.swift in Sources */ = {isa = PBXBuildFile; fileRef = F0732B9D2AA61A7B0027EC4F /* AppDelegate.swift */; };
		F0732BA02AA61A7B0027EC4F /* SceneDelegate.swift in Sources */ = {isa = PBXBuildFile; fileRef = F0732B9F2AA61A7B0027EC4F /* SceneDelegate.swift */; };
		F0732BA22AA61A7B0027EC4F /* ProjectsViewController.swift in Sources */ = {isa = PBXBuildFile; fileRef = F0732BA12AA61A7B0027EC4F /* ProjectsViewController.swift */; };
		F0732BA72AA61A7C0027EC4F /* Assets.xcassets in Resources */ = {isa = PBXBuildFile; fileRef = F0732BA62AA61A7C0027EC4F /* Assets.xcassets */; };
		F0732BAA2AA61A7C0027EC4F /* LaunchScreen.storyboard in Resources */ = {isa = PBXBuildFile; fileRef = F0732BA82AA61A7C0027EC4F /* LaunchScreen.storyboard */; };
		F0732BB52AA61A7C0027EC4F /* Organizer_SwiftTests.swift in Sources */ = {isa = PBXBuildFile; fileRef = F0732BB42AA61A7C0027EC4F /* Organizer_SwiftTests.swift */; };
		F0732BBF2AA61A7D0027EC4F /* Organizer_SwiftUITests.swift in Sources */ = {isa = PBXBuildFile; fileRef = F0732BBE2AA61A7D0027EC4F /* Organizer_SwiftUITests.swift */; };
		F0732BC12AA61A7D0027EC4F /* Organizer_SwiftUITestsLaunchTests.swift in Sources */ = {isa = PBXBuildFile; fileRef = F0732BC02AA61A7D0027EC4F /* Organizer_SwiftUITestsLaunchTests.swift */; };
/* End PBXBuildFile section */

/* Begin PBXContainerItemProxy section */
		F0732BB12AA61A7C0027EC4F /* PBXContainerItemProxy */ = {
			isa = PBXContainerItemProxy;
			containerPortal = F0732B922AA61A7B0027EC4F /* Project object */;
			proxyType = 1;
			remoteGlobalIDString = F0732B992AA61A7B0027EC4F;
			remoteInfo = Organizer_Swift;
		};
		F0732BBB2AA61A7D0027EC4F /* PBXContainerItemProxy */ = {
			isa = PBXContainerItemProxy;
			containerPortal = F0732B922AA61A7B0027EC4F /* Project object */;
			proxyType = 1;
			remoteGlobalIDString = F0732B992AA61A7B0027EC4F;
			remoteInfo = Organizer_Swift;
		};
/* End PBXContainerItemProxy section */

/* Begin PBXFileReference section */
		F0732B9A2AA61A7B0027EC4F /* Organizer_Swift.app */ = {isa = PBXFileReference; explicitFileType = wrapper.application; includeInIndex = 0; path = Organizer_Swift.app; sourceTree = BUILT_PRODUCTS_DIR; };
		F0732B9D2AA61A7B0027EC4F /* AppDelegate.swift */ = {isa = PBXFileReference; lastKnownFileType = sourcecode.swift; path = AppDelegate.swift; sourceTree = "<group>"; };
		F0732B9F2AA61A7B0027EC4F /* SceneDelegate.swift */ = {isa = PBXFileReference; lastKnownFileType = sourcecode.swift; path = SceneDelegate.swift; sourceTree = "<group>"; };
		F0732BA12AA61A7B0027EC4F /* ProjectsViewController.swift */ = {isa = PBXFileReference; lastKnownFileType = sourcecode.swift; path = ProjectsViewController.swift; sourceTree = "<group>"; };
		F0732BA62AA61A7C0027EC4F /* Assets.xcassets */ = {isa = PBXFileReference; lastKnownFileType = folder.assetcatalog; path = Assets.xcassets; sourceTree = "<group>"; };
		F0732BA92AA61A7C0027EC4F /* Base */ = {isa = PBXFileReference; lastKnownFileType = file.storyboard; name = Base; path = Base.lproj/LaunchScreen.storyboard; sourceTree = "<group>"; };
		F0732BAB2AA61A7C0027EC4F /* Info.plist */ = {isa = PBXFileReference; lastKnownFileType = text.plist.xml; path = Info.plist; sourceTree = "<group>"; };
		F0732BB02AA61A7C0027EC4F /* Organizer_SwiftTests.xctest */ = {isa = PBXFileReference; explicitFileType = wrapper.cfbundle; includeInIndex = 0; path = Organizer_SwiftTests.xctest; sourceTree = BUILT_PRODUCTS_DIR; };
		F0732BB42AA61A7C0027EC4F /* Organizer_SwiftTests.swift */ = {isa = PBXFileReference; lastKnownFileType = sourcecode.swift; path = Organizer_SwiftTests.swift; sourceTree = "<group>"; };
		F0732BBA2AA61A7D0027EC4F /* Organizer_SwiftUITests.xctest */ = {isa = PBXFileReference; explicitFileType = wrapper.cfbundle; includeInIndex = 0; path = Organizer_SwiftUITests.xctest; sourceTree = BUILT_PRODUCTS_DIR; };
		F0732BBE2AA61A7D0027EC4F /* Organizer_SwiftUITests.swift */ = {isa = PBXFileReference; lastKnownFileType = sourcecode.swift; path = Organizer_SwiftUITests.swift; sourceTree = "<group>"; };
		F0732BC02AA61A7D0027EC4F /* Organizer_SwiftUITestsLaunchTests.swift */ = {isa = PBXFileReference; lastKnownFileType = sourcecode.swift; path = Organizer_SwiftUITestsLaunchTests.swift; sourceTree = "<group>"; };
/* End PBXFileReference section */

/* Begin PBXFrameworksBuildPhase section */
		F0732B972AA61A7B0027EC4F /* Frameworks */ = {
			isa = PBXFrameworksBuildPhase;
			buildActionMask = 2147483647;
			files = (
			);
			runOnlyForDeploymentPostprocessing = 0;
		};
		F0732BAD2AA61A7C0027EC4F /* Frameworks */ = {
			isa = PBXFrameworksBuildPhase;
			buildActionMask = 2147483647;
			files = (
			);
			runOnlyForDeploymentPostprocessing = 0;
		};
		F0732BB72AA61A7D0027EC4F /* Frameworks */ = {
			isa = PBXFrameworksBuildPhase;
			buildActionMask = 2147483647;
			files = (
			);
			runOnlyForDeploymentPostprocessing = 0;
		};
/* End PBXFrameworksBuildPhase section */

/* Begin PBXGroup section */
		F0732B912AA61A7B0027EC4F = {
			isa = PBXGroup;
			children = (
				F0732B9C2AA61A7B0027EC4F /* Organizer_Swift */,
				F0732BB32AA61A7C0027EC4F /* Organizer_SwiftTests */,
				F0732BBD2AA61A7D0027EC4F /* Organizer_SwiftUITests */,
				F0732B9B2AA61A7B0027EC4F /* Products */,
			);
			sourceTree = "<group>";
		};
		F0732B9B2AA61A7B0027EC4F /* Products */ = {
			isa = PBXGroup;
			children = (
				F0732B9A2AA61A7B0027EC4F /* Organizer_Swift.app */,
				F0732BB02AA61A7C0027EC4F /* Organizer_SwiftTests.xctest */,
				F0732BBA2AA61A7D0027EC4F /* Organizer_SwiftUITests.xctest */,
			);
			name = Products;
			sourceTree = "<group>";
		};
		F0732B9C2AA61A7B0027EC4F /* Organizer_Swift */ = {
			isa = PBXGroup;
			children = (
				F0732BCD2AA626780027EC4F /* AppLaunch */,
				F0732BCE2AA638C10027EC4F /* Modules */,
				F0732BA62AA61A7C0027EC4F /* Assets.xcassets */,
				F0732BAB2AA61A7C0027EC4F /* Info.plist */,
			);
			path = Organizer_Swift;
			sourceTree = "<group>";
		};
		F0732BB32AA61A7C0027EC4F /* Organizer_SwiftTests */ = {
			isa = PBXGroup;
			children = (
				F0732BB42AA61A7C0027EC4F /* Organizer_SwiftTests.swift */,
			);
			path = Organizer_SwiftTests;
			sourceTree = "<group>";
		};
		F0732BBD2AA61A7D0027EC4F /* Organizer_SwiftUITests */ = {
			isa = PBXGroup;
			children = (
				F0732BBE2AA61A7D0027EC4F /* Organizer_SwiftUITests.swift */,
				F0732BC02AA61A7D0027EC4F /* Organizer_SwiftUITestsLaunchTests.swift */,
			);
			path = Organizer_SwiftUITests;
			sourceTree = "<group>";
		};
		F0732BCD2AA626780027EC4F /* AppLaunch */ = {
			isa = PBXGroup;
			children = (
				F0732B9D2AA61A7B0027EC4F /* AppDelegate.swift */,
				F0732BA82AA61A7C0027EC4F /* LaunchScreen.storyboard */,
				F0732B9F2AA61A7B0027EC4F /* SceneDelegate.swift */,
			);
			path = AppLaunch;
			sourceTree = "<group>";
		};
		F0732BCE2AA638C10027EC4F /* Modules */ = {
			isa = PBXGroup;
			children = (
				F0732BCF2AA638CB0027EC4F /* Projects */,
			);
			path = Modules;
			sourceTree = "<group>";
		};
		F0732BCF2AA638CB0027EC4F /* Projects */ = {
			isa = PBXGroup;
			children = (
				F0732BD02AA639BD0027EC4F /* Controller */,
				F0732BD12AA639CB0027EC4F /* Coordinator */,
				F0732BD32AA639E10027EC4F /* Model */,
				F0732BD22AA639D20027EC4F /* Views */,
			);
			path = Projects;
			sourceTree = "<group>";
		};
		F0732BD02AA639BD0027EC4F /* Controller */ = {
			isa = PBXGroup;
			children = (
				F0732BA12AA61A7B0027EC4F /* ProjectsViewController.swift */,
			);
			path = Controller;
			sourceTree = "<group>";
		};
		F0732BD12AA639CB0027EC4F /* Coordinator */ = {
			isa = PBXGroup;
			children = (
			);
			path = Coordinator;
			sourceTree = "<group>";
		};
		F0732BD22AA639D20027EC4F /* Views */ = {
			isa = PBXGroup;
			children = (
			);
			path = Views;
			sourceTree = "<group>";
		};
		F0732BD32AA639E10027EC4F /* Model */ = {
			isa = PBXGroup;
			children = (
			);
			path = Model;
			sourceTree = "<group>";
		};
/* End PBXGroup section */

/* Begin PBXNativeTarget section */
		F0732B992AA61A7B0027EC4F /* Organizer_Swift */ = {
			isa = PBXNativeTarget;
			buildConfigurationList = F0732BC42AA61A7D0027EC4F /* Build configuration list for PBXNativeTarget "Organizer_Swift" */;
			buildPhases = (
				F0732B962AA61A7B0027EC4F /* Sources */,
				F0732B972AA61A7B0027EC4F /* Frameworks */,
				F0732B982AA61A7B0027EC4F /* Resources */,
			);
			buildRules = (
			);
			dependencies = (
			);
			name = Organizer_Swift;
			productName = Organizer_Swift;
			productReference = F0732B9A2AA61A7B0027EC4F /* Organizer_Swift.app */;
			productType = "com.apple.product-type.application";
		};
		F0732BAF2AA61A7C0027EC4F /* Organizer_SwiftTests */ = {
			isa = PBXNativeTarget;
			buildConfigurationList = F0732BC72AA61A7D0027EC4F /* Build configuration list for PBXNativeTarget "Organizer_SwiftTests" */;
			buildPhases = (
				F0732BAC2AA61A7C0027EC4F /* Sources */,
				F0732BAD2AA61A7C0027EC4F /* Frameworks */,
				F0732BAE2AA61A7C0027EC4F /* Resources */,
			);
			buildRules = (
			);
			dependencies = (
				F0732BB22AA61A7C0027EC4F /* PBXTargetDependency */,
			);
			name = Organizer_SwiftTests;
			productName = Organizer_SwiftTests;
			productReference = F0732BB02AA61A7C0027EC4F /* Organizer_SwiftTests.xctest */;
			productType = "com.apple.product-type.bundle.unit-test";
		};
		F0732BB92AA61A7D0027EC4F /* Organizer_SwiftUITests */ = {
			isa = PBXNativeTarget;
			buildConfigurationList = F0732BCA2AA61A7D0027EC4F /* Build configuration list for PBXNativeTarget "Organizer_SwiftUITests" */;
			buildPhases = (
				F0732BB62AA61A7D0027EC4F /* Sources */,
				F0732BB72AA61A7D0027EC4F /* Frameworks */,
				F0732BB82AA61A7D0027EC4F /* Resources */,
			);
			buildRules = (
			);
			dependencies = (
				F0732BBC2AA61A7D0027EC4F /* PBXTargetDependency */,
			);
			name = Organizer_SwiftUITests;
			productName = Organizer_SwiftUITests;
			productReference = F0732BBA2AA61A7D0027EC4F /* Organizer_SwiftUITests.xctest */;
			productType = "com.apple.product-type.bundle.ui-testing";
		};
/* End PBXNativeTarget section */

/* Begin PBXProject section */
		F0732B922AA61A7B0027EC4F /* Project object */ = {
			isa = PBXProject;
			attributes = {
				BuildIndependentTargetsInParallel = 1;
				LastSwiftUpdateCheck = 1500;
				LastUpgradeCheck = 1500;
				TargetAttributes = {
					F0732B992AA61A7B0027EC4F = {
						CreatedOnToolsVersion = 15.0;
					};
					F0732BAF2AA61A7C0027EC4F = {
						CreatedOnToolsVersion = 15.0;
						TestTargetID = F0732B992AA61A7B0027EC4F;
					};
					F0732BB92AA61A7D0027EC4F = {
						CreatedOnToolsVersion = 15.0;
						TestTargetID = F0732B992AA61A7B0027EC4F;
					};
				};
			};
			buildConfigurationList = F0732B952AA61A7B0027EC4F /* Build configuration list for PBXProject "Organizer_Swift" */;
			compatibilityVersion = "Xcode 14.0";
			developmentRegion = en;
			hasScannedForEncodings = 0;
			knownRegions = (
				en,
				Base,
			);
			mainGroup = F0732B912AA61A7B0027EC4F;
			productRefGroup = F0732B9B2AA61A7B0027EC4F /* Products */;
			projectDirPath = "";
			projectRoot = "";
			targets = (
				F0732B992AA61A7B0027EC4F /* Organizer_Swift */,
				F0732BAF2AA61A7C0027EC4F /* Organizer_SwiftTests */,
				F0732BB92AA61A7D0027EC4F /* Organizer_SwiftUITests */,
			);
		};
/* End PBXProject section */

/* Begin PBXResourcesBuildPhase section */
		F0732B982AA61A7B0027EC4F /* Resources */ = {
			isa = PBXResourcesBuildPhase;
			buildActionMask = 2147483647;
			files = (
				F0732BAA2AA61A7C0027EC4F /* LaunchScreen.storyboard in Resources */,
				F0732BA72AA61A7C0027EC4F /* Assets.xcassets in Resources */,
			);
			runOnlyForDeploymentPostprocessing = 0;
		};
		F0732BAE2AA61A7C0027EC4F /* Resources */ = {
			isa = PBXResourcesBuildPhase;
			buildActionMask = 2147483647;
			files = (
			);
			runOnlyForDeploymentPostprocessing = 0;
		};
		F0732BB82AA61A7D0027EC4F /* Resources */ = {
			isa = PBXResourcesBuildPhase;
			buildActionMask = 2147483647;
			files = (
			);
			runOnlyForDeploymentPostprocessing = 0;
		};
/* End PBXResourcesBuildPhase section */

/* Begin PBXSourcesBuildPhase section */
		F0732B962AA61A7B0027EC4F /* Sources */ = {
			isa = PBXSourcesBuildPhase;
			buildActionMask = 2147483647;
			files = (
				F0732BA22AA61A7B0027EC4F /* ProjectsViewController.swift in Sources */,
				F0732B9E2AA61A7B0027EC4F /* AppDelegate.swift in Sources */,
				F0732BA02AA61A7B0027EC4F /* SceneDelegate.swift in Sources */,
			);
			runOnlyForDeploymentPostprocessing = 0;
		};
		F0732BAC2AA61A7C0027EC4F /* Sources */ = {
			isa = PBXSourcesBuildPhase;
			buildActionMask = 2147483647;
			files = (
				F0732BB52AA61A7C0027EC4F /* Organizer_SwiftTests.swift in Sources */,
			);
			runOnlyForDeploymentPostprocessing = 0;
		};
		F0732BB62AA61A7D0027EC4F /* Sources */ = {
			isa = PBXSourcesBuildPhase;
			buildActionMask = 2147483647;
			files = (
				F0732BC12AA61A7D0027EC4F /* Organizer_SwiftUITestsLaunchTests.swift in Sources */,
				F0732BBF2AA61A7D0027EC4F /* Organizer_SwiftUITests.swift in Sources */,
			);
			runOnlyForDeploymentPostprocessing = 0;
		};
/* End PBXSourcesBuildPhase section */

/* Begin PBXTargetDependency section */
		F0732BB22AA61A7C0027EC4F /* PBXTargetDependency */ = {
			isa = PBXTargetDependency;
			target = F0732B992AA61A7B0027EC4F /* Organizer_Swift */;
			targetProxy = F0732BB12AA61A7C0027EC4F /* PBXContainerItemProxy */;
		};
		F0732BBC2AA61A7D0027EC4F /* PBXTargetDependency */ = {
			isa = PBXTargetDependency;
			target = F0732B992AA61A7B0027EC4F /* Organizer_Swift */;
			targetProxy = F0732BBB2AA61A7D0027EC4F /* PBXContainerItemProxy */;
		};
/* End PBXTargetDependency section */

/* Begin PBXVariantGroup section */
		F0732BA82AA61A7C0027EC4F /* LaunchScreen.storyboard */ = {
			isa = PBXVariantGroup;
			children = (
				F0732BA92AA61A7C0027EC4F /* Base */,
			);
			name = LaunchScreen.storyboard;
			sourceTree = "<group>";
		};
/* End PBXVariantGroup section */

/* Begin XCBuildConfiguration section */
		F0732BC22AA61A7D0027EC4F /* Debug */ = {
			isa = XCBuildConfiguration;
			buildSettings = {
				ALWAYS_SEARCH_USER_PATHS = NO;
				ASSETCATALOG_COMPILER_GENERATE_SWIFT_ASSET_SYMBOL_EXTENSIONS = YES;
				CLANG_ANALYZER_NONNULL = YES;
				CLANG_ANALYZER_NUMBER_OBJECT_CONVERSION = YES_AGGRESSIVE;
				CLANG_CXX_LANGUAGE_STANDARD = "gnu++20";
				CLANG_ENABLE_MODULES = YES;
				CLANG_ENABLE_OBJC_ARC = YES;
				CLANG_ENABLE_OBJC_WEAK = YES;
				CLANG_WARN_BLOCK_CAPTURE_AUTORELEASING = YES;
				CLANG_WARN_BOOL_CONVERSION = YES;
				CLANG_WARN_COMMA = YES;
				CLANG_WARN_CONSTANT_CONVERSION = YES;
				CLANG_WARN_DEPRECATED_OBJC_IMPLEMENTATIONS = YES;
				CLANG_WARN_DIRECT_OBJC_ISA_USAGE = YES_ERROR;
				CLANG_WARN_DOCUMENTATION_COMMENTS = YES;
				CLANG_WARN_EMPTY_BODY = YES;
				CLANG_WARN_ENUM_CONVERSION = YES;
				CLANG_WARN_INFINITE_RECURSION = YES;
				CLANG_WARN_INT_CONVERSION = YES;
				CLANG_WARN_NON_LITERAL_NULL_CONVERSION = YES;
				CLANG_WARN_OBJC_IMPLICIT_RETAIN_SELF = YES;
				CLANG_WARN_OBJC_LITERAL_CONVERSION = YES;
				CLANG_WARN_OBJC_ROOT_CLASS = YES_ERROR;
				CLANG_WARN_QUOTED_INCLUDE_IN_FRAMEWORK_HEADER = YES;
				CLANG_WARN_RANGE_LOOP_ANALYSIS = YES;
				CLANG_WARN_STRICT_PROTOTYPES = YES;
				CLANG_WARN_SUSPICIOUS_MOVE = YES;
				CLANG_WARN_UNGUARDED_AVAILABILITY = YES_AGGRESSIVE;
				CLANG_WARN_UNREACHABLE_CODE = YES;
				CLANG_WARN__DUPLICATE_METHOD_MATCH = YES;
				COPY_PHASE_STRIP = NO;
				DEBUG_INFORMATION_FORMAT = dwarf;
				ENABLE_STRICT_OBJC_MSGSEND = YES;
				ENABLE_TESTABILITY = YES;
				ENABLE_USER_SCRIPT_SANDBOXING = YES;
				GCC_C_LANGUAGE_STANDARD = gnu17;
				GCC_DYNAMIC_NO_PIC = NO;
				GCC_NO_COMMON_BLOCKS = YES;
				GCC_OPTIMIZATION_LEVEL = 0;
				GCC_PREPROCESSOR_DEFINITIONS = (
					"DEBUG=1",
					"$(inherited)",
				);
				GCC_WARN_64_TO_32_BIT_CONVERSION = YES;
				GCC_WARN_ABOUT_RETURN_TYPE = YES_ERROR;
				GCC_WARN_UNDECLARED_SELECTOR = YES;
				GCC_WARN_UNINITIALIZED_AUTOS = YES_AGGRESSIVE;
				GCC_WARN_UNUSED_FUNCTION = YES;
				GCC_WARN_UNUSED_VARIABLE = YES;
				IPHONEOS_DEPLOYMENT_TARGET = 17.0;
				LOCALIZATION_PREFERS_STRING_CATALOGS = YES;
				MTL_ENABLE_DEBUG_INFO = INCLUDE_SOURCE;
				MTL_FAST_MATH = YES;
				ONLY_ACTIVE_ARCH = YES;
				SDKROOT = iphoneos;
				SWIFT_ACTIVE_COMPILATION_CONDITIONS = "DEBUG $(inherited)";
				SWIFT_OPTIMIZATION_LEVEL = "-Onone";
			};
			name = Debug;
		};
		F0732BC32AA61A7D0027EC4F /* Release */ = {
			isa = XCBuildConfiguration;
			buildSettings = {
				ALWAYS_SEARCH_USER_PATHS = NO;
				ASSETCATALOG_COMPILER_GENERATE_SWIFT_ASSET_SYMBOL_EXTENSIONS = YES;
				CLANG_ANALYZER_NONNULL = YES;
				CLANG_ANALYZER_NUMBER_OBJECT_CONVERSION = YES_AGGRESSIVE;
				CLANG_CXX_LANGUAGE_STANDARD = "gnu++20";
				CLANG_ENABLE_MODULES = YES;
				CLANG_ENABLE_OBJC_ARC = YES;
				CLANG_ENABLE_OBJC_WEAK = YES;
				CLANG_WARN_BLOCK_CAPTURE_AUTORELEASING = YES;
				CLANG_WARN_BOOL_CONVERSION = YES;
				CLANG_WARN_COMMA = YES;
				CLANG_WARN_CONSTANT_CONVERSION = YES;
				CLANG_WARN_DEPRECATED_OBJC_IMPLEMENTATIONS = YES;
				CLANG_WARN_DIRECT_OBJC_ISA_USAGE = YES_ERROR;
				CLANG_WARN_DOCUMENTATION_COMMENTS = YES;
				CLANG_WARN_EMPTY_BODY = YES;
				CLANG_WARN_ENUM_CONVERSION = YES;
				CLANG_WARN_INFINITE_RECURSION = YES;
				CLANG_WARN_INT_CONVERSION = YES;
				CLANG_WARN_NON_LITERAL_NULL_CONVERSION = YES;
				CLANG_WARN_OBJC_IMPLICIT_RETAIN_SELF = YES;
				CLANG_WARN_OBJC_LITERAL_CONVERSION = YES;
				CLANG_WARN_OBJC_ROOT_CLASS = YES_ERROR;
				CLANG_WARN_QUOTED_INCLUDE_IN_FRAMEWORK_HEADER = YES;
				CLANG_WARN_RANGE_LOOP_ANALYSIS = YES;
				CLANG_WARN_STRICT_PROTOTYPES = YES;
				CLANG_WARN_SUSPICIOUS_MOVE = YES;
				CLANG_WARN_UNGUARDED_AVAILABILITY = YES_AGGRESSIVE;
				CLANG_WARN_UNREACHABLE_CODE = YES;
				CLANG_WARN__DUPLICATE_METHOD_MATCH = YES;
				COPY_PHASE_STRIP = NO;
				DEBUG_INFORMATION_FORMAT = "dwarf-with-dsym";
				ENABLE_NS_ASSERTIONS = NO;
				ENABLE_STRICT_OBJC_MSGSEND = YES;
				ENABLE_USER_SCRIPT_SANDBOXING = YES;
				GCC_C_LANGUAGE_STANDARD = gnu17;
				GCC_NO_COMMON_BLOCKS = YES;
				GCC_WARN_64_TO_32_BIT_CONVERSION = YES;
				GCC_WARN_ABOUT_RETURN_TYPE = YES_ERROR;
				GCC_WARN_UNDECLARED_SELECTOR = YES;
				GCC_WARN_UNINITIALIZED_AUTOS = YES_AGGRESSIVE;
				GCC_WARN_UNUSED_FUNCTION = YES;
				GCC_WARN_UNUSED_VARIABLE = YES;
				IPHONEOS_DEPLOYMENT_TARGET = 17.0;
				LOCALIZATION_PREFERS_STRING_CATALOGS = YES;
				MTL_ENABLE_DEBUG_INFO = NO;
				MTL_FAST_MATH = YES;
				SDKROOT = iphoneos;
				SWIFT_COMPILATION_MODE = wholemodule;
				VALIDATE_PRODUCT = YES;
			};
			name = Release;
		};
		F0732BC52AA61A7D0027EC4F /* Debug */ = {
			isa = XCBuildConfiguration;
			buildSettings = {
				ASSETCATALOG_COMPILER_APPICON_NAME = AppIcon;
				ASSETCATALOG_COMPILER_GLOBAL_ACCENT_COLOR_NAME = AccentColor;
				CODE_SIGN_STYLE = Automatic;
				CURRENT_PROJECT_VERSION = 1;
				DEVELOPMENT_TEAM = EE36UWQ2XG;
				GENERATE_INFOPLIST_FILE = YES;
				INFOPLIST_FILE = Organizer_Swift/Info.plist;
				INFOPLIST_KEY_CFBundleDisplayName = Organizer;
				INFOPLIST_KEY_LSApplicationCategoryType = "public.app-category.productivity";
				INFOPLIST_KEY_UIApplicationSupportsIndirectInputEvents = YES;
				INFOPLIST_KEY_UILaunchStoryboardName = LaunchScreen;
				INFOPLIST_KEY_UISupportedInterfaceOrientations = UIInterfaceOrientationPortrait;
				INFOPLIST_KEY_UISupportedInterfaceOrientations_iPad = "UIInterfaceOrientationLandscapeLeft UIInterfaceOrientationLandscapeRight UIInterfaceOrientationPortrait UIInterfaceOrientationPortraitUpsideDown";
				IPHONEOS_DEPLOYMENT_TARGET = 16.0;
				LD_RUNPATH_SEARCH_PATHS = (
					"$(inherited)",
					"@executable_path/Frameworks",
				);
				MARKETING_VERSION = 1.0;
				PRODUCT_BUNDLE_IDENTIFIER = "com.thibautrichez.Organizer-Swift";
				PRODUCT_NAME = "$(TARGET_NAME)";
				SUPPORTED_PLATFORMS = "iphoneos iphonesimulator";
				SUPPORTS_MACCATALYST = NO;
				SUPPORTS_MAC_DESIGNED_FOR_IPHONE_IPAD = NO;
				SUPPORTS_XR_DESIGNED_FOR_IPHONE_IPAD = NO;
				SWIFT_EMIT_LOC_STRINGS = YES;
				SWIFT_VERSION = 5.0;
				TARGETED_DEVICE_FAMILY = 1;
			};
			name = Debug;
		};
		F0732BC62AA61A7D0027EC4F /* Release */ = {
			isa = XCBuildConfiguration;
			buildSettings = {
				ASSETCATALOG_COMPILER_APPICON_NAME = AppIcon;
				ASSETCATALOG_COMPILER_GLOBAL_ACCENT_COLOR_NAME = AccentColor;
				CODE_SIGN_STYLE = Automatic;
				CURRENT_PROJECT_VERSION = 1;
				DEVELOPMENT_TEAM = EE36UWQ2XG;
				GENERATE_INFOPLIST_FILE = YES;
				INFOPLIST_FILE = Organizer_Swift/Info.plist;
				INFOPLIST_KEY_CFBundleDisplayName = Organizer;
				INFOPLIST_KEY_LSApplicationCategoryType = "public.app-category.productivity";
				INFOPLIST_KEY_UIApplicationSupportsIndirectInputEvents = YES;
				INFOPLIST_KEY_UILaunchStoryboardName = LaunchScreen;
				INFOPLIST_KEY_UISupportedInterfaceOrientations = UIInterfaceOrientationPortrait;
				INFOPLIST_KEY_UISupportedInterfaceOrientations_iPad = "UIInterfaceOrientationLandscapeLeft UIInterfaceOrientationLandscapeRight UIInterfaceOrientationPortrait UIInterfaceOrientationPortraitUpsideDown";
				IPHONEOS_DEPLOYMENT_TARGET = 16.0;
				LD_RUNPATH_SEARCH_PATHS = (
					"$(inherited)",
					"@executable_path/Frameworks",
				);
				MARKETING_VERSION = 1.0;
				PRODUCT_BUNDLE_IDENTIFIER = "com.thibautrichez.Organizer-Swift";
				PRODUCT_NAME = "$(TARGET_NAME)";
				SUPPORTED_PLATFORMS = "iphoneos iphonesimulator";
				SUPPORTS_MACCATALYST = NO;
				SUPPORTS_MAC_DESIGNED_FOR_IPHONE_IPAD = NO;
				SUPPORTS_XR_DESIGNED_FOR_IPHONE_IPAD = NO;
				SWIFT_EMIT_LOC_STRINGS = YES;
				SWIFT_VERSION = 5.0;
				TARGETED_DEVICE_FAMILY = 1;
			};
			name = Release;
		};
		F0732BC82AA61A7D0027EC4F /* Debug */ = {
			isa = XCBuildConfiguration;
			buildSettings = {
				ALWAYS_EMBED_SWIFT_STANDARD_LIBRARIES = YES;
				BUNDLE_LOADER = "$(TEST_HOST)";
				CODE_SIGN_STYLE = Automatic;
				CURRENT_PROJECT_VERSION = 1;
				DEVELOPMENT_TEAM = EE36UWQ2XG;
				GENERATE_INFOPLIST_FILE = YES;
				IPHONEOS_DEPLOYMENT_TARGET = 17.0;
				MARKETING_VERSION = 1.0;
				PRODUCT_BUNDLE_IDENTIFIER = "com.thibautrichez.Organizer-SwiftTests";
				PRODUCT_NAME = "$(TARGET_NAME)";
				SWIFT_EMIT_LOC_STRINGS = NO;
				SWIFT_VERSION = 5.0;
				TARGETED_DEVICE_FAMILY = "1,2";
				TEST_HOST = "$(BUILT_PRODUCTS_DIR)/Organizer_Swift.app/$(BUNDLE_EXECUTABLE_FOLDER_PATH)/Organizer_Swift";
			};
			name = Debug;
		};
		F0732BC92AA61A7D0027EC4F /* Release */ = {
			isa = XCBuildConfiguration;
			buildSettings = {
				ALWAYS_EMBED_SWIFT_STANDARD_LIBRARIES = YES;
				BUNDLE_LOADER = "$(TEST_HOST)";
				CODE_SIGN_STYLE = Automatic;
				CURRENT_PROJECT_VERSION = 1;
				DEVELOPMENT_TEAM = EE36UWQ2XG;
				GENERATE_INFOPLIST_FILE = YES;
				IPHONEOS_DEPLOYMENT_TARGET = 17.0;
				MARKETING_VERSION = 1.0;
				PRODUCT_BUNDLE_IDENTIFIER = "com.thibautrichez.Organizer-SwiftTests";
				PRODUCT_NAME = "$(TARGET_NAME)";
				SWIFT_EMIT_LOC_STRINGS = NO;
				SWIFT_VERSION = 5.0;
				TARGETED_DEVICE_FAMILY = "1,2";
				TEST_HOST = "$(BUILT_PRODUCTS_DIR)/Organizer_Swift.app/$(BUNDLE_EXECUTABLE_FOLDER_PATH)/Organizer_Swift";
			};
			name = Release;
		};
		F0732BCB2AA61A7D0027EC4F /* Debug */ = {
			isa = XCBuildConfiguration;
			buildSettings = {
				ALWAYS_EMBED_SWIFT_STANDARD_LIBRARIES = YES;
				CODE_SIGN_STYLE = Automatic;
				CURRENT_PROJECT_VERSION = 1;
				DEVELOPMENT_TEAM = EE36UWQ2XG;
				GENERATE_INFOPLIST_FILE = YES;
				MARKETING_VERSION = 1.0;
				PRODUCT_BUNDLE_IDENTIFIER = "com.thibautrichez.Organizer-SwiftUITests";
				PRODUCT_NAME = "$(TARGET_NAME)";
				SWIFT_EMIT_LOC_STRINGS = NO;
				SWIFT_VERSION = 5.0;
				TARGETED_DEVICE_FAMILY = "1,2";
				TEST_TARGET_NAME = Organizer_Swift;
			};
			name = Debug;
		};
		F0732BCC2AA61A7D0027EC4F /* Release */ = {
			isa = XCBuildConfiguration;
			buildSettings = {
				ALWAYS_EMBED_SWIFT_STANDARD_LIBRARIES = YES;
				CODE_SIGN_STYLE = Automatic;
				CURRENT_PROJECT_VERSION = 1;
				DEVELOPMENT_TEAM = EE36UWQ2XG;
				GENERATE_INFOPLIST_FILE = YES;
				MARKETING_VERSION = 1.0;
				PRODUCT_BUNDLE_IDENTIFIER = "com.thibautrichez.Organizer-SwiftUITests";
				PRODUCT_NAME = "$(TARGET_NAME)";
				SWIFT_EMIT_LOC_STRINGS = NO;
				SWIFT_VERSION = 5.0;
				TARGETED_DEVICE_FAMILY = "1,2";
				TEST_TARGET_NAME = Organizer_Swift;
			};
			name = Release;
		};
/* End XCBuildConfiguration section */

/* Begin XCConfigurationList section */
		F0732B952AA61A7B0027EC4F /* Build configuration list for PBXProject "Organizer_Swift" */ = {
			isa = XCConfigurationList;
			buildConfigurations = (
				F0732BC22AA61A7D0027EC4F /* Debug */,
				F0732BC32AA61A7D0027EC4F /* Release */,
			);
			defaultConfigurationIsVisible = 0;
			defaultConfigurationName = Release;
		};
		F0732BC42AA61A7D0027EC4F /* Build configuration list for PBXNativeTarget "Organizer_Swift" */ = {
			isa = XCConfigurationList;
			buildConfigurations = (
				F0732BC52AA61A7D0027EC4F /* Debug */,
				F0732BC62AA61A7D0027EC4F /* Release */,
			);
			defaultConfigurationIsVisible = 0;
			defaultConfigurationName = Release;
		};
		F0732BC72AA61A7D0027EC4F /* Build configuration list for PBXNativeTarget "Organizer_SwiftTests" */ = {
			isa = XCConfigurationList;
			buildConfigurations = (
				F0732BC82AA61A7D0027EC4F /* Debug */,
				F0732BC92AA61A7D0027EC4F /* Release */,
			);
			defaultConfigurationIsVisible = 0;
			defaultConfigurationName = Release;
		};
		F0732BCA2AA61A7D0027EC4F /* Build configuration list for PBXNativeTarget "Organizer_SwiftUITests" */ = {
			isa = XCConfigurationList;
			buildConfigurations = (
				F0732BCB2AA61A7D0027EC4F /* Debug */,
				F0732BCC2AA61A7D0027EC4F /* Release */,
			);
			defaultConfigurationIsVisible = 0;
			defaultConfigurationName = Release;
		};
/* End XCConfigurationList section */
	};
	rootObject = F0732B922AA61A7B0027EC4F /* Project object */;
}
